
Microsoft Visual Studio Solution File, Format Version 12.00
# Visual Studio Version 16
VisualStudioVersion = 16.0.31702.278
MinimumVisualStudioVersion = 10.0.40219.1
Project("{2150E333-8FDC-42A3-9474-1A3956D46DE8}") = "Solution Items", "Solution Items", "{65D45E18-8F11-49CF-AC86-8E163237935C}"
	ProjectSection(SolutionItems) = preProject
		..\README.md = ..\README.md
	EndProjectSection
EndProject
Project("{9A19103F-16F7-4668-BE54-9A1E7A4F7556}") = "ConsoleUI", "dotNet5782_4020_7998\ConsoleUI\ConsoleUI.csproj", "{AD13A072-FB6D-4A19-9CCB-05CE8599D586}"
EndProject
Project("{9A19103F-16F7-4668-BE54-9A1E7A4F7556}") = "BL", "BL\BL.csproj", "{40C95B1D-45EB-41C5-96C8-DCD2BFF4664E}"
EndProject
Project("{9A19103F-16F7-4668-BE54-9A1E7A4F7556}") = "ConsoleUI_BL", "ConsoleUI_BL\ConsoleUI_BL.csproj", "{570DDF52-2384-4C3F-9D9F-1835CE9982C3}"
EndProject
Project("{9A19103F-16F7-4668-BE54-9A1E7A4F7556}") = "PL", "PL\PL.csproj", "{ADDF877D-9FD5-4DA6-808A-79B8F06ECFB2}"
	ProjectSection(ProjectDependencies) = postProject
		{40C95B1D-45EB-41C5-96C8-DCD2BFF4664E} = {40C95B1D-45EB-41C5-96C8-DCD2BFF4664E}
	EndProjectSection
EndProject
Project("{9A19103F-16F7-4668-BE54-9A1E7A4F7556}") = "DalFacade", "DalFacade\DalFacade.csproj", "{61D7FCA9-2943-4A00-8C39-D2BC51B2BD4A}"
EndProject
Project("{9A19103F-16F7-4668-BE54-9A1E7A4F7556}") = "DalObject", "DalObject\DalObject.csproj", "{0ECDB137-6693-48E1-8023-1949B089FD93}"
EndProject
Project("{9A19103F-16F7-4668-BE54-9A1E7A4F7556}") = "DalXml", "DalXml\DalXml.csproj", "{45961A07-B13F-4C21-B305-6BE6AA451D46}"
EndProject
Project("{2150E333-8FDC-42A3-9474-1A3956D46DE8}") = "xml", "xml", "{14D49DF4-4717-44FC-AA70-54894028334C}"
	ProjectSection(SolutionItems) = preProject
		BaseStationsXml.xml = BaseStationsXml.xml
		config.xml = config.xml
		CoordinatesXml.xml = CoordinatesXml.xml
		CustomersXml.xml = CustomersXml.xml
		dal-config.xml = dal-config.xml
		DronesInChargeXml.xml = DronesInChargeXml.xml
		DronesXml.xml = DronesXml.xml
		ParcelsXml.xml = ParcelsXml.xml
	EndProjectSection
EndProject
Global
	GlobalSection(SolutionConfigurationPlatforms) = preSolution
		Debug|Any CPU = Debug|Any CPU
		Release|Any CPU = Release|Any CPU
	EndGlobalSection
	GlobalSection(ProjectConfigurationPlatforms) = postSolution
		{AD13A072-FB6D-4A19-9CCB-05CE8599D586}.Debug|Any CPU.ActiveCfg = Debug|Any CPU
		{AD13A072-FB6D-4A19-9CCB-05CE8599D586}.Debug|Any CPU.Build.0 = Debug|Any CPU
		{AD13A072-FB6D-4A19-9CCB-05CE8599D586}.Release|Any CPU.ActiveCfg = Release|Any CPU
		{AD13A072-FB6D-4A19-9CCB-05CE8599D586}.Release|Any CPU.Build.0 = Release|Any CPU
		{40C95B1D-45EB-41C5-96C8-DCD2BFF4664E}.Debug|Any CPU.ActiveCfg = Debug|Any CPU
		{40C95B1D-45EB-41C5-96C8-DCD2BFF4664E}.Debug|Any CPU.Build.0 = Debug|Any CPU
		{40C95B1D-45EB-41C5-96C8-DCD2BFF4664E}.Release|Any CPU.ActiveCfg = Release|Any CPU
		{40C95B1D-45EB-41C5-96C8-DCD2BFF4664E}.Release|Any CPU.Build.0 = Release|Any CPU
		{570DDF52-2384-4C3F-9D9F-1835CE9982C3}.Debug|Any CPU.ActiveCfg = Debug|Any CPU
		{570DDF52-2384-4C3F-9D9F-1835CE9982C3}.Debug|Any CPU.Build.0 = Debug|Any CPU
		{570DDF52-2384-4C3F-9D9F-1835CE9982C3}.Release|Any CPU.ActiveCfg = Release|Any CPU
		{570DDF52-2384-4C3F-9D9F-1835CE9982C3}.Release|Any CPU.Build.0 = Release|Any CPU
		{ADDF877D-9FD5-4DA6-808A-79B8F06ECFB2}.Debug|Any CPU.ActiveCfg = Debug|Any CPU
		{ADDF877D-9FD5-4DA6-808A-79B8F06ECFB2}.Debug|Any CPU.Build.0 = Debug|Any CPU
		{ADDF877D-9FD5-4DA6-808A-79B8F06ECFB2}.Release|Any CPU.ActiveCfg = Release|Any CPU
		{ADDF877D-9FD5-4DA6-808A-79B8F06ECFB2}.Release|Any CPU.Build.0 = Release|Any CPU
		{61D7FCA9-2943-4A00-8C39-D2BC51B2BD4A}.Debug|Any CPU.ActiveCfg = Debug|Any CPU
		{61D7FCA9-2943-4A00-8C39-D2BC51B2BD4A}.Debug|Any CPU.Build.0 = Debug|Any CPU
		{61D7FCA9-2943-4A00-8C39-D2BC51B2BD4A}.Release|Any CPU.ActiveCfg = Release|Any CPU
		{61D7FCA9-2943-4A00-8C39-D2BC51B2BD4A}.Release|Any CPU.Build.0 = Release|Any CPU
		{0ECDB137-6693-48E1-8023-1949B089FD93}.Debug|Any CPU.ActiveCfg = Debug|Any CPU
		{0ECDB137-6693-48E1-8023-1949B089FD93}.Debug|Any CPU.Build.0 = Debug|Any CPU
		{0ECDB137-6693-48E1-8023-1949B089FD93}.Release|Any CPU.ActiveCfg = Release|Any CPU
		{0ECDB137-6693-48E1-8023-1949B089FD93}.Release|Any CPU.Build.0 = Release|Any CPU
		{45961A07-B13F-4C21-B305-6BE6AA451D46}.Debug|Any CPU.ActiveCfg = Debug|Any CPU
		{45961A07-B13F-4C21-B305-6BE6AA451D46}.Debug|Any CPU.Build.0 = Debug|Any CPU
		{45961A07-B13F-4C21-B305-6BE6AA451D46}.Release|Any CPU.ActiveCfg = Release|Any CPU
		{45961A07-B13F-4C21-B305-6BE6AA451D46}.Release|Any CPU.Build.0 = Release|Any CPU
	EndGlobalSection
	GlobalSection(SolutionProperties) = preSolution
		HideSolutionNode = FALSE
	EndGlobalSection
	GlobalSection(NestedProjects) = preSolution
		{14D49DF4-4717-44FC-AA70-54894028334C} = {65D45E18-8F11-49CF-AC86-8E163237935C}
	EndGlobalSection
	GlobalSection(ExtensibilityGlobals) = postSolution
		SolutionGuid = {A281129B-4938-44F5-B362-C2CCD6529585}
	EndGlobalSection
EndGlobal
