
Microsoft Visual Studio Solution File, Format Version 12.00
# Visual Studio Version 16
VisualStudioVersion = 16.0.31702.278
MinimumVisualStudioVersion = 10.0.40219.1
Project("{FAE04EC0-301F-11D3-BF4B-00C04F79EFBC}") = "Targil0", "Targil0\Targil0.csproj", "{BB2EA80B-50FE-40A8-A762-948CE34DB7B2}"
EndProject
Project("{2150E333-8FDC-42A3-9474-1A3956D46DE8}") = "Solution Items", "Solution Items", "{65D45E18-8F11-49CF-AC86-8E163237935C}"
	ProjectSection(SolutionItems) = preProject
		..\README.md = ..\README.md
		PL\update-button.jpg = PL\update-button.jpg
	EndProjectSection
EndProject
Project("{9A19103F-16F7-4668-BE54-9A1E7A4F7556}") = "ConsoleUI", "dotNet5782_4020_7998\ConsoleUI\ConsoleUI.csproj", "{AD13A072-FB6D-4A19-9CCB-05CE8599D586}"
EndProject
Project("{9A19103F-16F7-4668-BE54-9A1E7A4F7556}") = "DAL", "dotNet5782_4020_7998\DAL\DAL.csproj", "{CF8B530C-B849-48F7-A44B-BA74E957EC1A}"
EndProject
Project("{9A19103F-16F7-4668-BE54-9A1E7A4F7556}") = "BL", "BL\BL.csproj", "{40C95B1D-45EB-41C5-96C8-DCD2BFF4664E}"
EndProject
Project("{9A19103F-16F7-4668-BE54-9A1E7A4F7556}") = "ConsoleUI_BL", "ConsoleUI_BL\ConsoleUI_BL.csproj", "{570DDF52-2384-4C3F-9D9F-1835CE9982C3}"
EndProject
Project("{9A19103F-16F7-4668-BE54-9A1E7A4F7556}") = "PL", "PL\PL.csproj", "{ADDF877D-9FD5-4DA6-808A-79B8F06ECFB2}"
	ProjectSection(ProjectDependencies) = postProject
		{40C95B1D-45EB-41C5-96C8-DCD2BFF4664E} = {40C95B1D-45EB-41C5-96C8-DCD2BFF4664E}
	EndProjectSection
EndProject
Project("{FAE04EC0-301F-11D3-BF4B-00C04F79EFBC}") = "DALXML", "DALXML\DALXML.csproj", "{D64BE5B8-C72B-43B9-8B5D-EFDE25908CFF}"
EndProject
Global
	GlobalSection(SolutionConfigurationPlatforms) = preSolution
		Debug|Any CPU = Debug|Any CPU
		Release|Any CPU = Release|Any CPU
	EndGlobalSection
	GlobalSection(ProjectConfigurationPlatforms) = postSolution
		{BB2EA80B-50FE-40A8-A762-948CE34DB7B2}.Debug|Any CPU.ActiveCfg = Debug|Any CPU
		{BB2EA80B-50FE-40A8-A762-948CE34DB7B2}.Debug|Any CPU.Build.0 = Debug|Any CPU
		{BB2EA80B-50FE-40A8-A762-948CE34DB7B2}.Release|Any CPU.ActiveCfg = Release|Any CPU
		{BB2EA80B-50FE-40A8-A762-948CE34DB7B2}.Release|Any CPU.Build.0 = Release|Any CPU
		{AD13A072-FB6D-4A19-9CCB-05CE8599D586}.Debug|Any CPU.ActiveCfg = Debug|Any CPU
		{AD13A072-FB6D-4A19-9CCB-05CE8599D586}.Debug|Any CPU.Build.0 = Debug|Any CPU
		{AD13A072-FB6D-4A19-9CCB-05CE8599D586}.Release|Any CPU.ActiveCfg = Release|Any CPU
		{AD13A072-FB6D-4A19-9CCB-05CE8599D586}.Release|Any CPU.Build.0 = Release|Any CPU
		{CF8B530C-B849-48F7-A44B-BA74E957EC1A}.Debug|Any CPU.ActiveCfg = Debug|Any CPU
		{CF8B530C-B849-48F7-A44B-BA74E957EC1A}.Debug|Any CPU.Build.0 = Debug|Any CPU
		{CF8B530C-B849-48F7-A44B-BA74E957EC1A}.Release|Any CPU.ActiveCfg = Release|Any CPU
		{CF8B530C-B849-48F7-A44B-BA74E957EC1A}.Release|Any CPU.Build.0 = Release|Any CPU
		{40C95B1D-45EB-41C5-96C8-DCD2BFF4664E}.Debug|Any CPU.ActiveCfg = Debug|Any CPU
		{40C95B1D-45EB-41C5-96C8-DCD2BFF4664E}.Debug|Any CPU.Build.0 = Debug|Any CPU
		{40C95B1D-45EB-41C5-96C8-DCD2BFF4664E}.Release|Any CPU.ActiveCfg = Release|Any CPU
		{40C95B1D-45EB-41C5-96C8-DCD2BFF4664E}.Release|Any CPU.Build.0 = Release|Any CPU
		{570DDF52-2384-4C3F-9D9F-1835CE9982C3}.Debug|Any CPU.ActiveCfg = Debug|Any CPU
		{570DDF52-2384-4C3F-9D9F-1835CE9982C3}.Debug|Any CPU.Build.0 = Debug|Any CPU
		{570DDF52-2384-4C3F-9D9F-1835CE9982C3}.Release|Any CPU.ActiveCfg = Release|Any CPU
		{570DDF52-2384-4C3F-9D9F-1835CE9982C3}.Release|Any CPU.Build.0 = Release|Any CPU
		{ADDF877D-9FD5-4DA6-808A-79B8F06ECFB2}.Debug|Any CPU.ActiveCfg = Debug|Any CPU
		{ADDF877D-9FD5-4DA6-808A-79B8F06ECFB2}.Debug|Any CPU.Build.0 = Debug|Any CPU
		{ADDF877D-9FD5-4DA6-808A-79B8F06ECFB2}.Release|Any CPU.ActiveCfg = Release|Any CPU
		{ADDF877D-9FD5-4DA6-808A-79B8F06ECFB2}.Release|Any CPU.Build.0 = Release|Any CPU
		{D64BE5B8-C72B-43B9-8B5D-EFDE25908CFF}.Debug|Any CPU.ActiveCfg = Debug|Any CPU
		{D64BE5B8-C72B-43B9-8B5D-EFDE25908CFF}.Debug|Any CPU.Build.0 = Debug|Any CPU
		{D64BE5B8-C72B-43B9-8B5D-EFDE25908CFF}.Release|Any CPU.ActiveCfg = Release|Any CPU
		{D64BE5B8-C72B-43B9-8B5D-EFDE25908CFF}.Release|Any CPU.Build.0 = Release|Any CPU
	EndGlobalSection
	GlobalSection(SolutionProperties) = preSolution
		HideSolutionNode = FALSE
	EndGlobalSection
	GlobalSection(NestedProjects) = preSolution
		{AD13A072-FB6D-4A19-9CCB-05CE8599D586} = {65D45E18-8F11-49CF-AC86-8E163237935C}
		{CF8B530C-B849-48F7-A44B-BA74E957EC1A} = {65D45E18-8F11-49CF-AC86-8E163237935C}
		{40C95B1D-45EB-41C5-96C8-DCD2BFF4664E} = {65D45E18-8F11-49CF-AC86-8E163237935C}
		{570DDF52-2384-4C3F-9D9F-1835CE9982C3} = {65D45E18-8F11-49CF-AC86-8E163237935C}
		{ADDF877D-9FD5-4DA6-808A-79B8F06ECFB2} = {65D45E18-8F11-49CF-AC86-8E163237935C}
		{D64BE5B8-C72B-43B9-8B5D-EFDE25908CFF} = {65D45E18-8F11-49CF-AC86-8E163237935C}
	EndGlobalSection
	GlobalSection(ExtensibilityGlobals) = postSolution
		SolutionGuid = {A281129B-4938-44F5-B362-C2CCD6529585}
	EndGlobalSection
EndGlobal
